github.com/davecgh/go-spew v1.1.0 h1:ZDRjVQ15GmhC3fiQ8ni8+OwkZQO4DARzQgrnXU1Liz8=
github.com/fentec-project/bn256 v0.0.0-20190726093940-0d0fc8bfeed0 h1:mkWVpEiA+MMlWxElUXRqTVSH9eETZvqJ21NZTaDaMiI=
github.com/fentec-project/bn256 v0.0.0-20190726093940-0d0fc8bfeed0/go.mod h1:llEBqR6SDQxLj2lH10BjIYPrcoqDAFv6mhsqvHfIzlI=
github.com/fentec-project/gofe v0.0.0-20220829150550-ccc7482d20ef h1:9p5/l5zk8UkCKpK1JHna7oWjWl2xi1o0lfWw7YAmrio=
github.com/fentec-project/gofe v0.0.0-20220829150550-ccc7482d20ef/go.mod h1:L8BwMRmIIEVQK1Un7rpnuOhex40gk4Quu50C8v34QFc=
github.com/go-faker/faker/v4 v4.0.0 h1:tfgFaeizVlYGOS1tVo/vcWcKhkNgG1NWm8ibRG0f+aQ=
github.com/go-faker/faker/v4 v4.0.0/go.mod h1:uuNc0PSRxF8nMgjGrrrU4Nw5cF30Jc6Kd0/FUTTYbhg=
github.com/pkg/errors v0.9.1 h1:FEBLx1zS214owpjy7qsBeixbURkuhQAwrK5UwLGTwt4=
github.com/pkg/errors v0.9.1/go.mod h1:bwawxfHBFNV+L2hUp1rHADufV3IMtnDRdf1r5NINEl0=
github.com/pmezard/go-difflib v1.0.0 h1:4DBwDE0NGyQoBHbLQYPwSUPoCMWR5BEzIk/f1lZbAQM=
github.com/stretchr/testify v1.7.0 h1:nwc3DEeHmmLAfoZucVR881uASk0Mfjw8xYJ99tb5CcY=
golang.org/x/crypto v0.0.0-20211115234514-b4de73f9ece8 h1:5QRxNnVsaJP6NAse0UdkRgL3zHMvCRRkrDVLNdNpdy4=
golang.org/x/crypto v0.0.0-20211115234514-b4de73f9ece8/go.mod h1:GvvjBRRGRdwPK5ydBHafDWAxML/pGHZbMvKqRZ5+Abc=
golang.org/x/sys v0.0.0-20210615035016-665e8c7367d1 h1:SrN+KX8Art/Sf4HNj6Zcz06G7VEz+7w9tdXTPOZ7+l4=
golang.org/x/sys v0.0.0-20210615035016-665e8c7367d1/go.mod h1:oPkhp1MJrh7nUepCBck5+mAzfO9JrbApNNgaTdGDITg=
golang.org/x/text v0.3.7 h1:olpwvP2KacW1ZWvsR7uQhoyTYvKAupfQrRGBFM352Gk=
golang.org/x/text v0.3.7/go.mod h1:u+2+/6zg+i71rQMx5EYifcz6MCKuco9NR6JIITiCfzQ=
gopkg.in/yaml.v3 v3.0.0-20200313102051-9f266ea9e77c h1:dUUwHk2QECo/6vqA44rthZ8ie2QXMNeKRTHCNY2nXvo=
